PODS:
  - Anchorage (4.5.0)
  - ReactiveSwift (7.1.1)

DEPENDENCIES:
  - Anchorage
  - ReactiveSwift

SPEC REPOS:
  trunk:
    - Anchorage
    - ReactiveSwift

SPEC CHECKSUMS:
  Anchorage: 1961bc81c84aeed54ad7ffc697c50cd9de748ba6
  ReactiveSwift: 477d3f5bc2eb3cbbba1c1636505752b83bef93b1

PODFILE CHECKSUM: 21c13e7109328bd689867972ad64435d7aaaaf38

COCOAPODS: 1.11.3
